// !$*UTF8*$!
{
	archiveVersion = 1;
	classes = {
	};
	objectVersion = 46;
	objects = {

/* Begin PBXBuildFile section */
		5D4A3791B213F96EBB7F17B4 /* Pods_CentriPEDAL.framework in Frameworks */ = {isa = PBXBuildFile; fileRef = 1E977F6291D96F20A2767049 /* Pods_CentriPEDAL.framework */; };
		926F122C1E61495D007B4690 /* Login.swift in Sources */ = {isa = PBXBuildFile; fileRef = 926F122B1E61495D007B4690 /* Login.swift */; };
		926F125A1E614BC9007B4690 /* SignUp.swift in Sources */ = {isa = PBXBuildFile; fileRef = 926F12591E614BC9007B4690 /* SignUp.swift */; };
		92F9E60E1DF39EBE009E562A /* AppDelegate.swift in Sources */ = {isa = PBXBuildFile; fileRef = 92F9E60D1DF39EBE009E562A /* AppDelegate.swift */; };
		92F9E6101DF39EBE009E562A /* ViewController.swift in Sources */ = {isa = PBXBuildFile; fileRef = 92F9E60F1DF39EBE009E562A /* ViewController.swift */; };
		92F9E6131DF39EBE009E562A /* Main.storyboard in Resources */ = {isa = PBXBuildFile; fileRef = 92F9E6111DF39EBE009E562A /* Main.storyboard */; };
		92F9E6151DF39EBE009E562A /* Assets.xcassets in Resources */ = {isa = PBXBuildFile; fileRef = 92F9E6141DF39EBE009E562A /* Assets.xcassets */; };
		92F9E6181DF39EBE009E562A /* LaunchScreen.storyboard in Resources */ = {isa = PBXBuildFile; fileRef = 92F9E6161DF39EBE009E562A /* LaunchScreen.storyboard */; };
		92F9E6231DF39EBE009E562A /* CentriPEDALUITests.swift in Sources */ = {isa = PBXBuildFile; fileRef = 92F9E6221DF39EBE009E562A /* CentriPEDALUITests.swift */; };
		D105BF2A56C6A47EEBDC2A43 /* Pods_CentriPEDALUITests.framework in Frameworks */ = {isa = PBXBuildFile; fileRef = 5F2BA02116DFC9992762FD65 /* Pods_CentriPEDALUITests.framework */; };
/* End PBXBuildFile section */

/* Begin PBXContainerItemProxy section */
		92F9E61F1DF39EBE009E562A /* PBXContainerItemProxy */ = {
			isa = PBXContainerItemProxy;
			containerPortal = 92F9E6021DF39EBD009E562A /* Project object */;
			proxyType = 1;
			remoteGlobalIDString = 92F9E6091DF39EBD009E562A;
			remoteInfo = CentriPEDAL;
		};
/* End PBXContainerItemProxy section */

/* Begin PBXFileReference section */
		10EB1019D16494B7B7873646 /* Pods-CentriPEDAL.debug.xcconfig */ = {isa = PBXFileReference; includeInIndex = 1; lastKnownFileType = text.xcconfig; name = "Pods-CentriPEDAL.debug.xcconfig"; path = "Pods/Target Support Files/Pods-CentriPEDAL/Pods-CentriPEDAL.debug.xcconfig"; sourceTree = "<group>"; };
		1E977F6291D96F20A2767049 /* Pods_CentriPEDAL.framework */ = {isa = PBXFileReference; explicitFileType = wrapper.framework; includeInIndex = 0; path = Pods_CentriPEDAL.framework; sourceTree = BUILT_PRODUCTS_DIR; };
		516436686498B16BA97D40EF /* Pods-CentriPEDALUITests.debug.xcconfig */ = {isa = PBXFileReference; includeInIndex = 1; lastKnownFileType = text.xcconfig; name = "Pods-CentriPEDALUITests.debug.xcconfig"; path = "Pods/Target Support Files/Pods-CentriPEDALUITests/Pods-CentriPEDALUITests.debug.xcconfig"; sourceTree = "<group>"; };
		5F2BA02116DFC9992762FD65 /* Pods_CentriPEDALUITests.framework */ = {isa = PBXFileReference; explicitFileType = wrapper.framework; includeInIndex = 0; path = Pods_CentriPEDALUITests.framework; sourceTree = BUILT_PRODUCTS_DIR; };
		926F122B1E61495D007B4690 /* Login.swift */ = {isa = PBXFileReference; fileEncoding = 4; lastKnownFileType = sourcecode.swift; path = Login.swift; sourceTree = "<group>"; };
		926F12591E614BC9007B4690 /* SignUp.swift */ = {isa = PBXFileReference; fileEncoding = 4; lastKnownFileType = sourcecode.swift; path = SignUp.swift; sourceTree = "<group>"; };
		92F9E60A1DF39EBE009E562A /* CentriPEDAL.app */ = {isa = PBXFileReference; explicitFileType = wrapper.application; includeInIndex = 0; path = CentriPEDAL.app; sourceTree = BUILT_PRODUCTS_DIR; };
		92F9E60D1DF39EBE009E562A /* AppDelegate.swift */ = {isa = PBXFileReference; lastKnownFileType = sourcecode.swift; path = AppDelegate.swift; sourceTree = "<group>"; };
		92F9E60F1DF39EBE009E562A /* ViewController.swift */ = {isa = PBXFileReference; lastKnownFileType = sourcecode.swift; path = ViewController.swift; sourceTree = "<group>"; };
		92F9E6121DF39EBE009E562A /* Base */ = {isa = PBXFileReference; lastKnownFileType = file.storyboard; name = Base; path = Base.lproj/Main.storyboard; sourceTree = "<group>"; };
		92F9E6141DF39EBE009E562A /* Assets.xcassets */ = {isa = PBXFileReference; lastKnownFileType = folder.assetcatalog; path = Assets.xcassets; sourceTree = "<group>"; };
		92F9E6171DF39EBE009E562A /* Base */ = {isa = PBXFileReference; lastKnownFileType = file.storyboard; name = Base; path = Base.lproj/LaunchScreen.storyboard; sourceTree = "<group>"; };
		92F9E6191DF39EBE009E562A /* Info.plist */ = {isa = PBXFileReference; lastKnownFileType = text.plist.xml; path = Info.plist; sourceTree = "<group>"; };
		92F9E61E1DF39EBE009E562A /* CentriPEDALUITests.xctest */ = {isa = PBXFileReference; explicitFileType = wrapper.cfbundle; includeInIndex = 0; path = CentriPEDALUITests.xctest; sourceTree = BUILT_PRODUCTS_DIR; };
		92F9E6221DF39EBE009E562A /* CentriPEDALUITests.swift */ = {isa = PBXFileReference; lastKnownFileType = sourcecode.swift; path = CentriPEDALUITests.swift; sourceTree = "<group>"; };
		92F9E6241DF39EBE009E562A /* Info.plist */ = {isa = PBXFileReference; lastKnownFileType = text.plist.xml; path = Info.plist; sourceTree = "<group>"; };
		AB19DADADD767B98C9F338B4 /* Pods-CentriPEDALUITests.release.xcconfig */ = {isa = PBXFileReference; includeInIndex = 1; lastKnownFileType = text.xcconfig; name = "Pods-CentriPEDALUITests.release.xcconfig"; path = "Pods/Target Support Files/Pods-CentriPEDALUITests/Pods-CentriPEDALUITests.release.xcconfig"; sourceTree = "<group>"; };
		F18444E376FB103E3AE62A5B /* Pods-CentriPEDAL.release.xcconfig */ = {isa = PBXFileReference; includeInIndex = 1; lastKnownFileType = text.xcconfig; name = "Pods-CentriPEDAL.release.xcconfig"; path = "Pods/Target Support Files/Pods-CentriPEDAL/Pods-CentriPEDAL.release.xcconfig"; sourceTree = "<group>"; };
/* End PBXFileReference section */

/* Begin PBXFrameworksBuildPhase section */
		92F9E6071DF39EBD009E562A /* Frameworks */ = {
			isa = PBXFrameworksBuildPhase;
			buildActionMask = 2147483647;
			files = (
				5D4A3791B213F96EBB7F17B4 /* Pods_CentriPEDAL.framework in Frameworks */,
			);
			runOnlyForDeploymentPostprocessing = 0;
		};
		92F9E61B1DF39EBE009E562A /* Frameworks */ = {
			isa = PBXFrameworksBuildPhase;
			buildActionMask = 2147483647;
			files = (
				D105BF2A56C6A47EEBDC2A43 /* Pods_CentriPEDALUITests.framework in Frameworks */,
			);
			runOnlyForDeploymentPostprocessing = 0;
		};
/* End PBXFrameworksBuildPhase section */

/* Begin PBXGroup section */
		5D997628E989061748893F41 /* Frameworks */ = {
			isa = PBXGroup;
			children = (
				1E977F6291D96F20A2767049 /* Pods_CentriPEDAL.framework */,
				5F2BA02116DFC9992762FD65 /* Pods_CentriPEDALUITests.framework */,
			);
			name = Frameworks;
			sourceTree = "<group>";
		};
		92F9E6011DF39EBD009E562A = {
			isa = PBXGroup;
			children = (
				92F9E60C1DF39EBE009E562A /* CentriPEDAL */,
				92F9E6211DF39EBE009E562A /* CentriPEDALUITests */,
				92F9E60B1DF39EBE009E562A /* Products */,
				D9E772355AE3E21B60512112 /* Pods */,
				5D997628E989061748893F41 /* Frameworks */,
			);
			sourceTree = "<group>";
		};
		92F9E60B1DF39EBE009E562A /* Products */ = {
			isa = PBXGroup;
			children = (
				92F9E60A1DF39EBE009E562A /* CentriPEDAL.app */,
				92F9E61E1DF39EBE009E562A /* CentriPEDALUITests.xctest */,
			);
			name = Products;
			sourceTree = "<group>";
		};
		92F9E60C1DF39EBE009E562A /* CentriPEDAL */ = {
			isa = PBXGroup;
			children = (
				92F9E60D1DF39EBE009E562A /* AppDelegate.swift */,
				92F9E60F1DF39EBE009E562A /* ViewController.swift */,
				926F122B1E61495D007B4690 /* Login.swift */,
				92F9E6111DF39EBE009E562A /* Main.storyboard */,
				926F12591E614BC9007B4690 /* SignUp.swift */,
				92F9E6141DF39EBE009E562A /* Assets.xcassets */,
				92F9E6161DF39EBE009E562A /* LaunchScreen.storyboard */,
				92F9E6191DF39EBE009E562A /* Info.plist */,
			);
			path = CentriPEDAL;
			sourceTree = "<group>";
		};
		92F9E6211DF39EBE009E562A /* CentriPEDALUITests */ = {
			isa = PBXGroup;
			children = (
				92F9E6221DF39EBE009E562A /* CentriPEDALUITests.swift */,
				92F9E6241DF39EBE009E562A /* Info.plist */,
			);
			path = CentriPEDALUITests;
			sourceTree = "<group>";
		};
		D9E772355AE3E21B60512112 /* Pods */ = {
			isa = PBXGroup;
			children = (
				10EB1019D16494B7B7873646 /* Pods-CentriPEDAL.debug.xcconfig */,
				F18444E376FB103E3AE62A5B /* Pods-CentriPEDAL.release.xcconfig */,
				516436686498B16BA97D40EF /* Pods-CentriPEDALUITests.debug.xcconfig */,
				AB19DADADD767B98C9F338B4 /* Pods-CentriPEDALUITests.release.xcconfig */,
			);
			name = Pods;
			sourceTree = "<group>";
		};
/* End PBXGroup section */

/* Begin PBXNativeTarget section */
		92F9E6091DF39EBD009E562A /* CentriPEDAL */ = {
			isa = PBXNativeTarget;
			buildConfigurationList = 92F9E6271DF39EBE009E562A /* Build configuration list for PBXNativeTarget "CentriPEDAL" */;
			buildPhases = (
				D9FD0F568130B09FBE0C2045 /* 📦 Check Pods Manifest.lock */,
				92F9E6061DF39EBD009E562A /* Sources */,
				92F9E6071DF39EBD009E562A /* Frameworks */,
				92F9E6081DF39EBD009E562A /* Resources */,
				7CC3594092CAC896B3F62B98 /* 📦 Embed Pods Frameworks */,
				2412C249DA6CC7DD3101BAEC /* 📦 Copy Pods Resources */,
			);
			buildRules = (
			);
			dependencies = (
			);
			name = CentriPEDAL;
			productName = CentriPEDAL;
			productReference = 92F9E60A1DF39EBE009E562A /* CentriPEDAL.app */;
			productType = "com.apple.product-type.application";
		};
		92F9E61D1DF39EBE009E562A /* CentriPEDALUITests */ = {
			isa = PBXNativeTarget;
			buildConfigurationList = 92F9E62A1DF39EBE009E562A /* Build configuration list for PBXNativeTarget "CentriPEDALUITests" */;
			buildPhases = (
				1EFFB722C4F08780BA71D9C7 /* 📦 Check Pods Manifest.lock */,
				92F9E61A1DF39EBE009E562A /* Sources */,
				92F9E61B1DF39EBE009E562A /* Frameworks */,
				92F9E61C1DF39EBE009E562A /* Resources */,
				EE22AEE5B628F05436715933 /* 📦 Copy Pods Resources */,
			);
			buildRules = (
			);
			dependencies = (
				92F9E6201DF39EBE009E562A /* PBXTargetDependency */,
			);
			name = CentriPEDALUITests;
			productName = CentriPEDALUITests;
			productReference = 92F9E61E1DF39EBE009E562A /* CentriPEDALUITests.xctest */;
			productType = "com.apple.product-type.bundle.ui-testing";
		};
/* End PBXNativeTarget section */

/* Begin PBXProject section */
		92F9E6021DF39EBD009E562A /* Project object */ = {
			isa = PBXProject;
			attributes = {
				LastSwiftUpdateCheck = 0730;
				LastUpgradeCheck = 0730;
				ORGANIZATIONNAME = "Arunav-Gupta";
				TargetAttributes = {
					92F9E6091DF39EBD009E562A = {
						CreatedOnToolsVersion = 7.3.1;
						DevelopmentTeam = NRCV2WVRP5;
						LastSwiftMigration = 0820;
					};
					92F9E61D1DF39EBE009E562A = {
						CreatedOnToolsVersion = 7.3.1;
						LastSwiftMigration = 0820;
						TestTargetID = 92F9E6091DF39EBD009E562A;
					};
				};
			};
			buildConfigurationList = 92F9E6051DF39EBD009E562A /* Build configuration list for PBXProject "CentriPEDAL" */;
			compatibilityVersion = "Xcode 3.2";
			developmentRegion = English;
			hasScannedForEncodings = 0;
			knownRegions = (
				en,
				Base,
			);
			mainGroup = 92F9E6011DF39EBD009E562A;
			productRefGroup = 92F9E60B1DF39EBE009E562A /* Products */;
			projectDirPath = "";
			projectRoot = "";
			targets = (
				92F9E6091DF39EBD009E562A /* CentriPEDAL */,
				92F9E61D1DF39EBE009E562A /* CentriPEDALUITests */,
			);
		};
/* End PBXProject section */

/* Begin PBXResourcesBuildPhase section */
		92F9E6081DF39EBD009E562A /* Resources */ = {
			isa = PBXResourcesBuildPhase;
			buildActionMask = 2147483647;
			files = (
				92F9E6181DF39EBE009E562A /* LaunchScreen.storyboard in Resources */,
				92F9E6151DF39EBE009E562A /* Assets.xcassets in Resources */,
				92F9E6131DF39EBE009E562A /* Main.storyboard in Resources */,
			);
			runOnlyForDeploymentPostprocessing = 0;
		};
		92F9E61C1DF39EBE009E562A /* Resources */ = {
			isa = PBXResourcesBuildPhase;
			buildActionMask = 2147483647;
			files = (
			);
			runOnlyForDeploymentPostprocessing = 0;
		};
/* End PBXResourcesBuildPhase section */

/* Begin PBXShellScriptBuildPhase section */
		1EFFB722C4F08780BA71D9C7 /* 📦 Check Pods Manifest.lock */ = {
			isa = PBXShellScriptBuildPhase;
			buildActionMask = 2147483647;
			files = (
			);
			inputPaths = (
			);
			name = "📦 Check Pods Manifest.lock";
			outputPaths = (
			);
			runOnlyForDeploymentPostprocessing = 0;
			shellPath = /bin/sh;
			shellScript = "diff \"${PODS_ROOT}/../Podfile.lock\" \"${PODS_ROOT}/Manifest.lock\" > /dev/null\nif [[ $? != 0 ]] ; then\n    cat << EOM\nerror: The sandbox is not in sync with the Podfile.lock. Run 'pod install' or update your CocoaPods installation.\nEOM\n    exit 1\nfi\n";
			showEnvVarsInLog = 0;
		};
		2412C249DA6CC7DD3101BAEC /* 📦 Copy Pods Resources */ = {
			isa = PBXShellScriptBuildPhase;
			buildActionMask = 2147483647;
			files = (
			);
			inputPaths = (
			);
			name = "📦 Copy Pods Resources";
			outputPaths = (
			);
			runOnlyForDeploymentPostprocessing = 0;
			shellPath = /bin/sh;
			shellScript = "\"${SRCROOT}/Pods/Target Support Files/Pods-CentriPEDAL/Pods-CentriPEDAL-resources.sh\"\n";
			showEnvVarsInLog = 0;
		};
		7CC3594092CAC896B3F62B98 /* 📦 Embed Pods Frameworks */ = {
			isa = PBXShellScriptBuildPhase;
			buildActionMask = 2147483647;
			files = (
			);
			inputPaths = (
			);
			name = "📦 Embed Pods Frameworks";
			outputPaths = (
			);
			runOnlyForDeploymentPostprocessing = 0;
			shellPath = /bin/sh;
			shellScript = "\"${SRCROOT}/Pods/Target Support Files/Pods-CentriPEDAL/Pods-CentriPEDAL-frameworks.sh\"\n";
			showEnvVarsInLog = 0;
		};
		D9FD0F568130B09FBE0C2045 /* 📦 Check Pods Manifest.lock */ = {
			isa = PBXShellScriptBuildPhase;
			buildActionMask = 2147483647;
			files = (
			);
			inputPaths = (
			);
			name = "📦 Check Pods Manifest.lock";
			outputPaths = (
			);
			runOnlyForDeploymentPostprocessing = 0;
			shellPath = /bin/sh;
			shellScript = "diff \"${PODS_ROOT}/../Podfile.lock\" \"${PODS_ROOT}/Manifest.lock\" > /dev/null\nif [[ $? != 0 ]] ; then\n    cat << EOM\nerror: The sandbox is not in sync with the Podfile.lock. Run 'pod install' or update your CocoaPods installation.\nEOM\n    exit 1\nfi\n";
			showEnvVarsInLog = 0;
		};
		EE22AEE5B628F05436715933 /* 📦 Copy Pods Resources */ = {
			isa = PBXShellScriptBuildPhase;
			buildActionMask = 2147483647;
			files = (
			);
			inputPaths = (
			);
			name = "📦 Copy Pods Resources";
			outputPaths = (
			);
			runOnlyForDeploymentPostprocessing = 0;
			shellPath = /bin/sh;
			shellScript = "\"${SRCROOT}/Pods/Target Support Files/Pods-CentriPEDALUITests/Pods-CentriPEDALUITests-resources.sh\"\n";
			showEnvVarsInLog = 0;
		};
/* End PBXShellScriptBuildPhase section */

/* Begin PBXSourcesBuildPhase section */
		92F9E6061DF39EBD009E562A /* Sources */ = {
			isa = PBXSourcesBuildPhase;
			buildActionMask = 2147483647;
			files = (
				926F122C1E61495D007B4690 /* Login.swift in Sources */,
				926F125A1E614BC9007B4690 /* SignUp.swift in Sources */,
				92F9E6101DF39EBE009E562A /* ViewController.swift in Sources */,
				92F9E60E1DF39EBE009E562A /* AppDelegate.swift in Sources */,
			);
			runOnlyForDeploymentPostprocessing = 0;
		};
		92F9E61A1DF39EBE009E562A /* Sources */ = {
			isa = PBXSourcesBuildPhase;
			buildActionMask = 2147483647;
			files = (
				92F9E6231DF39EBE009E562A /* CentriPEDALUITests.swift in Sources */,
			);
			runOnlyForDeploymentPostprocessing = 0;
		};
/* End PBXSourcesBuildPhase section */

/* Begin PBXTargetDependency section */
		92F9E6201DF39EBE009E562A /* PBXTargetDependency */ = {
			isa = PBXTargetDependency;
			target = 92F9E6091DF39EBD009E562A /* CentriPEDAL */;
			targetProxy = 92F9E61F1DF39EBE009E562A /* PBXContainerItemProxy */;
		};
/* End PBXTargetDependency section */

/* Begin PBXVariantGroup section */
		92F9E6111DF39EBE009E562A /* Main.storyboard */ = {
			isa = PBXVariantGroup;
			children = (
				92F9E6121DF39EBE009E562A /* Base */,
			);
			name = Main.storyboard;
			sourceTree = "<group>";
		};
		92F9E6161DF39EBE009E562A /* LaunchScreen.storyboard */ = {
			isa = PBXVariantGroup;
			children = (
				92F9E6171DF39EBE009E562A /* Base */,
			);
			name = LaunchScreen.storyboard;
			sourceTree = "<group>";
		};
/* End PBXVariantGroup section */

/* Begin XCBuildConfiguration section */
		92F9E6251DF39EBE009E562A /* Debug */ = {
			isa = XCBuildConfiguration;
			buildSettings = {
				ALWAYS_SEARCH_USER_PATHS = NO;
				CLANG_ANALYZER_NONNULL = YES;
				CLANG_CXX_LANGUAGE_STANDARD = "gnu++0x";
				CLANG_CXX_LIBRARY = "libc++";
				CLANG_ENABLE_MODULES = YES;
				CLANG_ENABLE_OBJC_ARC = YES;
				CLANG_WARN_BOOL_CONVERSION = YES;
				CLANG_WARN_CONSTANT_CONVERSION = YES;
				CLANG_WARN_DIRECT_OBJC_ISA_USAGE = YES_ERROR;
				CLANG_WARN_EMPTY_BODY = YES;
				CLANG_WARN_ENUM_CONVERSION = YES;
				CLANG_WARN_INT_CONVERSION = YES;
				CLANG_WARN_OBJC_ROOT_CLASS = YES_ERROR;
				CLANG_WARN_UNREACHABLE_CODE = YES;
				CLANG_WARN__DUPLICATE_METHOD_MATCH = YES;
				"CODE_SIGN_IDENTITY[sdk=iphoneos*]" = "iPhone Developer";
				COPY_PHASE_STRIP = NO;
				DEBUG_INFORMATION_FORMAT = dwarf;
				ENABLE_STRICT_OBJC_MSGSEND = YES;
				ENABLE_TESTABILITY = YES;
				GCC_C_LANGUAGE_STANDARD = gnu99;
				GCC_DYNAMIC_NO_PIC = NO;
				GCC_NO_COMMON_BLOCKS = YES;
				GCC_OPTIMIZATION_LEVEL = 0;
				GCC_PREPROCESSOR_DEFINITIONS = (
					"DEBUG=1",
					"$(inherited)",
				);
				GCC_WARN_64_TO_32_BIT_CONVERSION = YES;
				GCC_WARN_ABOUT_RETURN_TYPE = YES_ERROR;
				GCC_WARN_UNDECLARED_SELECTOR = YES;
				GCC_WARN_UNINITIALIZED_AUTOS = YES_AGGRESSIVE;
				GCC_WARN_UNUSED_FUNCTION = YES;
				GCC_WARN_UNUSED_VARIABLE = YES;
				IPHONEOS_DEPLOYMENT_TARGET = 9.3;
				MTL_ENABLE_DEBUG_INFO = YES;
				ONLY_ACTIVE_ARCH = YES;
				SDKROOT = iphoneos;
				SWIFT_OPTIMIZATION_LEVEL = "-Onone";
				TARGETED_DEVICE_FAMILY = "1,2";
			};
			name = Debug;
		};
		92F9E6261DF39EBE009E562A /* Release */ = {
			isa = XCBuildConfiguration;
			buildSettings = {
				ALWAYS_SEARCH_USER_PATHS = NO;
				CLANG_ANALYZER_NONNULL = YES;
				CLANG_CXX_LANGUAGE_STANDARD = "gnu++0x";
				CLANG_CXX_LIBRARY = "libc++";
				CLANG_ENABLE_MODULES = YES;
				CLANG_ENABLE_OBJC_ARC = YES;
				CLANG_WARN_BOOL_CONVERSION = YES;
				CLANG_WARN_CONSTANT_CONVERSION = YES;
				CLANG_WARN_DIRECT_OBJC_ISA_USAGE = YES_ERROR;
				CLANG_WARN_EMPTY_BODY = YES;
				CLANG_WARN_ENUM_CONVERSION = YES;
				CLANG_WARN_INT_CONVERSION = YES;
				CLANG_WARN_OBJC_ROOT_CLASS = YES_ERROR;
				CLANG_WARN_UNREACHABLE_CODE = YES;
				CLANG_WARN__DUPLICATE_METHOD_MATCH = YES;
				"CODE_SIGN_IDENTITY[sdk=iphoneos*]" = "iPhone Developer";
				COPY_PHASE_STRIP = NO;
				DEBUG_INFORMATION_FORMAT = "dwarf-with-dsym";
				ENABLE_NS_ASSERTIONS = NO;
				ENABLE_STRICT_OBJC_MSGSEND = YES;
				GCC_C_LANGUAGE_STANDARD = gnu99;
				GCC_NO_COMMON_BLOCKS = YES;
				GCC_WARN_64_TO_32_BIT_CONVERSION = YES;
				GCC_WARN_ABOUT_RETURN_TYPE = YES_ERROR;
				GCC_WARN_UNDECLARED_SELECTOR = YES;
				GCC_WARN_UNINITIALIZED_AUTOS = YES_AGGRESSIVE;
				GCC_WARN_UNUSED_FUNCTION = YES;
				GCC_WARN_UNUSED_VARIABLE = YES;
				IPHONEOS_DEPLOYMENT_TARGET = 9.3;
				MTL_ENABLE_DEBUG_INFO = NO;
				SDKROOT = iphoneos;
				TARGETED_DEVICE_FAMILY = "1,2";
				VALIDATE_PRODUCT = YES;
			};
			name = Release;
		};
		92F9E6281DF39EBE009E562A /* Debug */ = {
			isa = XCBuildConfiguration;
			baseConfigurationReference = 10EB1019D16494B7B7873646 /* Pods-CentriPEDAL.debug.xcconfig */;
			buildSettings = {
				ASSETCATALOG_COMPILER_APPICON_NAME = AppIcon;
				DEVELOPMENT_TEAM = NRCV2WVRP5;
				INFOPLIST_FILE = CentriPEDAL/Info.plist;
				LD_RUNPATH_SEARCH_PATHS = "$(inherited) @executable_path/Frameworks";
				PRODUCT_BUNDLE_IDENTIFIER = com.arunavgupta.CentriPEDAL;
				PRODUCT_NAME = "$(TARGET_NAME)";
				SWIFT_VERSION = 3.0;
			};
			name = Debug;
		};
		92F9E6291DF39EBE009E562A /* Release */ = {
			isa = XCBuildConfiguration;
			baseConfigurationReference = F18444E376FB103E3AE62A5B /* Pods-CentriPEDAL.release.xcconfig */;
			buildSettings = {
				ASSETCATALOG_COMPILER_APPICON_NAME = AppIcon;
				DEVELOPMENT_TEAM = NRCV2WVRP5;
				INFOPLIST_FILE = CentriPEDAL/Info.plist;
				LD_RUNPATH_SEARCH_PATHS = "$(inherited) @executable_path/Frameworks";
				PRODUCT_BUNDLE_IDENTIFIER = com.arunavgupta.CentriPEDAL;
				PRODUCT_NAME = "$(TARGET_NAME)";
				SWIFT_VERSION = 3.0;
			};
			name = Release;
		};
		92F9E62B1DF39EBE009E562A /* Debug */ = {
			isa = XCBuildConfiguration;
			baseConfigurationReference = 516436686498B16BA97D40EF /* Pods-CentriPEDALUITests.debug.xcconfig */;
			buildSettings = {
				INFOPLIST_FILE = CentriPEDALUITests/Info.plist;
				LD_RUNPATH_SEARCH_PATHS = "$(inherited) @executable_path/Frameworks @loader_path/Frameworks";
				PRODUCT_BUNDLE_IDENTIFIER = com.arunavgupta.CentriPEDALUITests;
				PRODUCT_NAME = "$(TARGET_NAME)";
				SWIFT_VERSION = 3.0;
				TEST_TARGET_NAME = CentriPEDAL;
			};
			name = Debug;
		};
		92F9E62C1DF39EBE009E562A /* Release */ = {
			isa = XCBuildConfiguration;
			baseConfigurationReference = AB19DADADD767B98C9F338B4 /* Pods-CentriPEDALUITests.release.xcconfig */;
			buildSettings = {
				INFOPLIST_FILE = CentriPEDALUITests/Info.plist;
				LD_RUNPATH_SEARCH_PATHS = "$(inherited) @executable_path/Frameworks @loader_path/Frameworks";
				PRODUCT_BUNDLE_IDENTIFIER = com.arunavgupta.CentriPEDALUITests;
				PRODUCT_NAME = "$(TARGET_NAME)";
				SWIFT_VERSION = 3.0;
				TEST_TARGET_NAME = CentriPEDAL;
			};
			name = Release;
		};
/* End XCBuildConfiguration section */

/* Begin XCConfigurationList section */
		92F9E6051DF39EBD009E562A /* Build configuration list for PBXProject "CentriPEDAL" */ = {
			isa = XCConfigurationList;
			buildConfigurations = (
				92F9E6251DF39EBE009E562A /* Debug */,
				92F9E6261DF39EBE009E562A /* Release */,
			);
			defaultConfigurationIsVisible = 0;
			defaultConfigurationName = Release;
		};
		92F9E6271DF39EBE009E562A /* Build configuration list for PBXNativeTarget "CentriPEDAL" */ = {
			isa = XCConfigurationList;
			buildConfigurations = (
				92F9E6281DF39EBE009E562A /* Debug */,
				92F9E6291DF39EBE009E562A /* Release */,
			);
			defaultConfigurationIsVisible = 0;
			defaultConfigurationName = Release;
		};
		92F9E62A1DF39EBE009E562A /* Build configuration list for PBXNativeTarget "CentriPEDALUITests" */ = {
			isa = XCConfigurationList;
			buildConfigurations = (
				92F9E62B1DF39EBE009E562A /* Debug */,
				92F9E62C1DF39EBE009E562A /* Release */,
			);
			defaultConfigurationIsVisible = 0;
			defaultConfigurationName = Release;
		};
/* End XCConfigurationList section */
	};
	rootObject = 92F9E6021DF39EBD009E562A /* Project object */;
}
